
Microsoft Visual Studio Solution File, Format Version 12.00
# Visual Studio Version 17
VisualStudioVersion = 17.0.31903.59
MinimumVisualStudioVersion = 10.0.40219.1
Project("{2150E333-8FDC-42A3-9474-1A3956D46DE8}") = "src", "src", "{827E0CD3-B72D-47B6-A68D-7590B98EB39B}"
EndProject
Project("{2150E333-8FDC-42A3-9474-1A3956D46DE8}") = "Aspire", "Aspire", "{52BF7FB6-37FF-5100-EFD1-124EFF302675}"
EndProject
Project("{FAE04EC0-301F-11D3-BF4B-00C04F79EFBC}") = "Banky.AppHost", "src\Aspire\Banky.AppHost\Banky.AppHost.csproj", "{096C2512-189D-4D23-982E-1CBC810A2591}"
EndProject
Project("{FAE04EC0-301F-11D3-BF4B-00C04F79EFBC}") = "Banky.ServiceDefaults", "src\Aspire\Banky.ServiceDefaults\Banky.ServiceDefaults.csproj", "{B66153B7-389E-4F4D-91B3-0EB40EC51561}"
EndProject
Project("{2150E333-8FDC-42A3-9474-1A3956D46DE8}") = "Shared", "Shared", "{C8E42992-5E42-0C2B-DBFE-AA848D06431C}"
EndProject
Project("{FAE04EC0-301F-11D3-BF4B-00C04F79EFBC}") = "Banky.Contracts", "src\Shared\Banky.Contracts\Banky.Contracts.csproj", "{39AFEDA5-039C-4324-ABE2-76075ED53C5A}"
EndProject
Project("{2150E333-8FDC-42A3-9474-1A3956D46DE8}") = "Services", "Services", "{984BB9B3-3FA3-BE33-9484-CAC21695A33C}"
EndProject
Project("{2150E333-8FDC-42A3-9474-1A3956D46DE8}") = "Account.Command", "Account.Command", "{B97F7B48-DAEE-48CE-A4DB-C7CF41185FD3}"
EndProject
Project("{FAE04EC0-301F-11D3-BF4B-00C04F79EFBC}") = "Account.Command.Domain", "src\Services\Account.Command\Account.Command.Domain\Account.Command.Domain.csproj", "{1DA2C84C-3C4D-4C79-BE4B-E9A191A29FDA}"
EndProject
Project("{FAE04EC0-301F-11D3-BF4B-00C04F79EFBC}") = "Account.Command.Application", "src\Services\Account.Command\Account.Command.Application\Account.Command.Application.csproj", "{88DC810B-46E2-4B4A-81F6-F17F408034F3}"
EndProject
Project("{FAE04EC0-301F-11D3-BF4B-00C04F79EFBC}") = "Account.Command.Infrastructure", "src\Services\Account.Command\Account.Command.Infrastructure\Account.Command.Infrastructure.csproj", "{10D90255-085A-4BF6-831C-2BD73A8BCB3A}"
EndProject
Project("{FAE04EC0-301F-11D3-BF4B-00C04F79EFBC}") = "Account.Command.Api", "src\Services\Account.Command\Account.Command.Api\Account.Command.Api.csproj", "{1F114DA6-6DEA-4833-BD2F-FE11E49581BD}"
EndProject
Project("{2150E333-8FDC-42A3-9474-1A3956D46DE8}") = "Account.Read", "Account.Read", "{D7E53481-4AEA-ED42-3521-F5804977A833}"
EndProject
Project("{FAE04EC0-301F-11D3-BF4B-00C04F79EFBC}") = "Account.Read.Core", "src\Services\Account.Read\Account.Read.Core\Account.Read.Core.csproj", "{75DF0CB1-D12E-4A0F-8903-4FF52AFD460D}"
EndProject
Project("{FAE04EC0-301F-11D3-BF4B-00C04F79EFBC}") = "Account.Read.Infrastructure", "src\Services\Account.Read\Account.Read.Infrastructure\Account.Read.Infrastructure.csproj", "{6AADD874-435A-45A9-836C-B6945075CE33}"
EndProject
Project("{FAE04EC0-301F-11D3-BF4B-00C04F79EFBC}") = "Account.Read.Api", "src\Services\Account.Read\Account.Read.Api\Account.Read.Api.csproj", "{A889D3F2-B3B1-4F4A-AD7C-FB97B1F6CEB7}"
EndProject
Project("{2150E333-8FDC-42A3-9474-1A3956D46DE8}") = "tests", "tests", "{0AB3BF05-4346-4AA6-1389-037BE0695223}"
EndProject
Project("{FAE04EC0-301F-11D3-BF4B-00C04F79EFBC}") = "Account.Command.Domain.Tests", "tests\Account.Command.Domain.Tests\Account.Command.Domain.Tests.csproj", "{CA53A28D-57DF-495D-A3F1-391F28600BEB}"
EndProject
Project("{FAE04EC0-301F-11D3-BF4B-00C04F79EFBC}") = "Account.Command.App.Tests", "tests\Account.Command.App.Tests\Account.Command.App.Tests.csproj", "{41C846EA-1374-4E2E-A8A2-9DAA63CB2E84}"
EndProject
Global
	GlobalSection(SolutionConfigurationPlatforms) = preSolution
		Debug|Any CPU = Debug|Any CPU
		Debug|x64 = Debug|x64
		Debug|x86 = Debug|x86
		Release|Any CPU = Release|Any CPU
		Release|x64 = Release|x64
		Release|x86 = Release|x86
	EndGlobalSection
	GlobalSection(ProjectConfigurationPlatforms) = postSolution
		{096C2512-189D-4D23-982E-1CBC810A2591}.Debug|Any CPU.ActiveCfg = Debug|Any CPU
		{096C2512-189D-4D23-982E-1CBC810A2591}.Debug|Any CPU.Build.0 = Debug|Any CPU
		{096C2512-189D-4D23-982E-1CBC810A2591}.Debug|x64.ActiveCfg = Debug|Any CPU
		{096C2512-189D-4D23-982E-1CBC810A2591}.Debug|x64.Build.0 = Debug|Any CPU
		{096C2512-189D-4D23-982E-1CBC810A2591}.Debug|x86.ActiveCfg = Debug|Any CPU
		{096C2512-189D-4D23-982E-1CBC810A2591}.Debug|x86.Build.0 = Debug|Any CPU
		{096C2512-189D-4D23-982E-1CBC810A2591}.Release|Any CPU.ActiveCfg = Release|Any CPU
		{096C2512-189D-4D23-982E-1CBC810A2591}.Release|Any CPU.Build.0 = Release|Any CPU
		{096C2512-189D-4D23-982E-1CBC810A2591}.Release|x64.ActiveCfg = Release|Any CPU
		{096C2512-189D-4D23-982E-1CBC810A2591}.Release|x64.Build.0 = Release|Any CPU
		{096C2512-189D-4D23-982E-1CBC810A2591}.Release|x86.ActiveCfg = Release|Any CPU
		{096C2512-189D-4D23-982E-1CBC810A2591}.Release|x86.Build.0 = Release|Any CPU
		{B66153B7-389E-4F4D-91B3-0EB40EC51561}.Debug|Any CPU.ActiveCfg = Debug|Any CPU
		{B66153B7-389E-4F4D-91B3-0EB40EC51561}.Debug|Any CPU.Build.0 = Debug|Any CPU
		{B66153B7-389E-4F4D-91B3-0EB40EC51561}.Debug|x64.ActiveCfg = Debug|Any CPU
		{B66153B7-389E-4F4D-91B3-0EB40EC51561}.Debug|x64.Build.0 = Debug|Any CPU
		{B66153B7-389E-4F4D-91B3-0EB40EC51561}.Debug|x86.ActiveCfg = Debug|Any CPU
		{B66153B7-389E-4F4D-91B3-0EB40EC51561}.Debug|x86.Build.0 = Debug|Any CPU
		{B66153B7-389E-4F4D-91B3-0EB40EC51561}.Release|Any CPU.ActiveCfg = Release|Any CPU
		{B66153B7-389E-4F4D-91B3-0EB40EC51561}.Release|Any CPU.Build.0 = Release|Any CPU
		{B66153B7-389E-4F4D-91B3-0EB40EC51561}.Release|x64.ActiveCfg = Release|Any CPU
		{B66153B7-389E-4F4D-91B3-0EB40EC51561}.Release|x64.Build.0 = Release|Any CPU
		{B66153B7-389E-4F4D-91B3-0EB40EC51561}.Release|x86.ActiveCfg = Release|Any CPU
		{B66153B7-389E-4F4D-91B3-0EB40EC51561}.Release|x86.Build.0 = Release|Any CPU
		{39AFEDA5-039C-4324-ABE2-76075ED53C5A}.Debug|Any CPU.ActiveCfg = Debug|Any CPU
		{39AFEDA5-039C-4324-ABE2-76075ED53C5A}.Debug|Any CPU.Build.0 = Debug|Any CPU
		{39AFEDA5-039C-4324-ABE2-76075ED53C5A}.Debug|x64.ActiveCfg = Debug|Any CPU
		{39AFEDA5-039C-4324-ABE2-76075ED53C5A}.Debug|x64.Build.0 = Debug|Any CPU
		{39AFEDA5-039C-4324-ABE2-76075ED53C5A}.Debug|x86.ActiveCfg = Debug|Any CPU
		{39AFEDA5-039C-4324-ABE2-76075ED53C5A}.Debug|x86.Build.0 = Debug|Any CPU
		{39AFEDA5-039C-4324-ABE2-76075ED53C5A}.Release|Any CPU.ActiveCfg = Release|Any CPU
		{39AFEDA5-039C-4324-ABE2-76075ED53C5A}.Release|Any CPU.Build.0 = Release|Any CPU
		{39AFEDA5-039C-4324-ABE2-76075ED53C5A}.Release|x64.ActiveCfg = Release|Any CPU
		{39AFEDA5-039C-4324-ABE2-76075ED53C5A}.Release|x64.Build.0 = Release|Any CPU
		{39AFEDA5-039C-4324-ABE2-76075ED53C5A}.Release|x86.ActiveCfg = Release|Any CPU
		{39AFEDA5-039C-4324-ABE2-76075ED53C5A}.Release|x86.Build.0 = Release|Any CPU
		{1DA2C84C-3C4D-4C79-BE4B-E9A191A29FDA}.Debug|Any CPU.ActiveCfg = Debug|Any CPU
		{1DA2C84C-3C4D-4C79-BE4B-E9A191A29FDA}.Debug|Any CPU.Build.0 = Debug|Any CPU
		{1DA2C84C-3C4D-4C79-BE4B-E9A191A29FDA}.Debug|x64.ActiveCfg = Debug|Any CPU
		{1DA2C84C-3C4D-4C79-BE4B-E9A191A29FDA}.Debug|x64.Build.0 = Debug|Any CPU
		{1DA2C84C-3C4D-4C79-BE4B-E9A191A29FDA}.Debug|x86.ActiveCfg = Debug|Any CPU
		{1DA2C84C-3C4D-4C79-BE4B-E9A191A29FDA}.Debug|x86.Build.0 = Debug|Any CPU
		{1DA2C84C-3C4D-4C79-BE4B-E9A191A29FDA}.Release|Any CPU.ActiveCfg = Release|Any CPU
		{1DA2C84C-3C4D-4C79-BE4B-E9A191A29FDA}.Release|Any CPU.Build.0 = Release|Any CPU
		{1DA2C84C-3C4D-4C79-BE4B-E9A191A29FDA}.Release|x64.ActiveCfg = Release|Any CPU
		{1DA2C84C-3C4D-4C79-BE4B-E9A191A29FDA}.Release|x64.Build.0 = Release|Any CPU
		{1DA2C84C-3C4D-4C79-BE4B-E9A191A29FDA}.Release|x86.ActiveCfg = Release|Any CPU
		{1DA2C84C-3C4D-4C79-BE4B-E9A191A29FDA}.Release|x86.Build.0 = Release|Any CPU
		{88DC810B-46E2-4B4A-81F6-F17F408034F3}.Debug|Any CPU.ActiveCfg = Debug|Any CPU
		{88DC810B-46E2-4B4A-81F6-F17F408034F3}.Debug|Any CPU.Build.0 = Debug|Any CPU
		{88DC810B-46E2-4B4A-81F6-F17F408034F3}.Debug|x64.ActiveCfg = Debug|Any CPU
		{88DC810B-46E2-4B4A-81F6-F17F408034F3}.Debug|x64.Build.0 = Debug|Any CPU
		{88DC810B-46E2-4B4A-81F6-F17F408034F3}.Debug|x86.ActiveCfg = Debug|Any CPU
		{88DC810B-46E2-4B4A-81F6-F17F408034F3}.Debug|x86.Build.0 = Debug|Any CPU
		{88DC810B-46E2-4B4A-81F6-F17F408034F3}.Release|Any CPU.ActiveCfg = Release|Any CPU
		{88DC810B-46E2-4B4A-81F6-F17F408034F3}.Release|Any CPU.Build.0 = Release|Any CPU
		{88DC810B-46E2-4B4A-81F6-F17F408034F3}.Release|x64.ActiveCfg = Release|Any CPU
		{88DC810B-46E2-4B4A-81F6-F17F408034F3}.Release|x64.Build.0 = Release|Any CPU
		{88DC810B-46E2-4B4A-81F6-F17F408034F3}.Release|x86.ActiveCfg = Release|Any CPU
		{88DC810B-46E2-4B4A-81F6-F17F408034F3}.Release|x86.Build.0 = Release|Any CPU
		{10D90255-085A-4BF6-831C-2BD73A8BCB3A}.Debug|Any CPU.ActiveCfg = Debug|Any CPU
		{10D90255-085A-4BF6-831C-2BD73A8BCB3A}.Debug|Any CPU.Build.0 = Debug|Any CPU
		{10D90255-085A-4BF6-831C-2BD73A8BCB3A}.Debug|x64.ActiveCfg = Debug|Any CPU
		{10D90255-085A-4BF6-831C-2BD73A8BCB3A}.Debug|x64.Build.0 = Debug|Any CPU
		{10D90255-085A-4BF6-831C-2BD73A8BCB3A}.Debug|x86.ActiveCfg = Debug|Any CPU
		{10D90255-085A-4BF6-831C-2BD73A8BCB3A}.Debug|x86.Build.0 = Debug|Any CPU
		{10D90255-085A-4BF6-831C-2BD73A8BCB3A}.Release|Any CPU.ActiveCfg = Release|Any CPU
		{10D90255-085A-4BF6-831C-2BD73A8BCB3A}.Release|Any CPU.Build.0 = Release|Any CPU
		{10D90255-085A-4BF6-831C-2BD73A8BCB3A}.Release|x64.ActiveCfg = Release|Any CPU
		{10D90255-085A-4BF6-831C-2BD73A8BCB3A}.Release|x64.Build.0 = Release|Any CPU
		{10D90255-085A-4BF6-831C-2BD73A8BCB3A}.Release|x86.ActiveCfg = Release|Any CPU
		{10D90255-085A-4BF6-831C-2BD73A8BCB3A}.Release|x86.Build.0 = Release|Any CPU
		{1F114DA6-6DEA-4833-BD2F-FE11E49581BD}.Debug|Any CPU.ActiveCfg = Debug|Any CPU
		{1F114DA6-6DEA-4833-BD2F-FE11E49581BD}.Debug|Any CPU.Build.0 = Debug|Any CPU
		{1F114DA6-6DEA-4833-BD2F-FE11E49581BD}.Debug|x64.ActiveCfg = Debug|Any CPU
		{1F114DA6-6DEA-4833-BD2F-FE11E49581BD}.Debug|x64.Build.0 = Debug|Any CPU
		{1F114DA6-6DEA-4833-BD2F-FE11E49581BD}.Debug|x86.ActiveCfg = Debug|Any CPU
		{1F114DA6-6DEA-4833-BD2F-FE11E49581BD}.Debug|x86.Build.0 = Debug|Any CPU
		{1F114DA6-6DEA-4833-BD2F-FE11E49581BD}.Release|Any CPU.ActiveCfg = Release|Any CPU
		{1F114DA6-6DEA-4833-BD2F-FE11E49581BD}.Release|Any CPU.Build.0 = Release|Any CPU
		{1F114DA6-6DEA-4833-BD2F-FE11E49581BD}.Release|x64.ActiveCfg = Release|Any CPU
		{1F114DA6-6DEA-4833-BD2F-FE11E49581BD}.Release|x64.Build.0 = Release|Any CPU
		{1F114DA6-6DEA-4833-BD2F-FE11E49581BD}.Release|x86.ActiveCfg = Release|Any CPU
		{1F114DA6-6DEA-4833-BD2F-FE11E49581BD}.Release|x86.Build.0 = Release|Any CPU
		{75DF0CB1-D12E-4A0F-8903-4FF52AFD460D}.Debug|Any CPU.ActiveCfg = Debug|Any CPU
		{75DF0CB1-D12E-4A0F-8903-4FF52AFD460D}.Debug|Any CPU.Build.0 = Debug|Any CPU
		{75DF0CB1-D12E-4A0F-8903-4FF52AFD460D}.Debug|x64.ActiveCfg = Debug|Any CPU
		{75DF0CB1-D12E-4A0F-8903-4FF52AFD460D}.Debug|x64.Build.0 = Debug|Any CPU
		{75DF0CB1-D12E-4A0F-8903-4FF52AFD460D}.Debug|x86.ActiveCfg = Debug|Any CPU
		{75DF0CB1-D12E-4A0F-8903-4FF52AFD460D}.Debug|x86.Build.0 = Debug|Any CPU
		{75DF0CB1-D12E-4A0F-8903-4FF52AFD460D}.Release|Any CPU.ActiveCfg = Release|Any CPU
		{75DF0CB1-D12E-4A0F-8903-4FF52AFD460D}.Release|Any CPU.Build.0 = Release|Any CPU
		{75DF0CB1-D12E-4A0F-8903-4FF52AFD460D}.Release|x64.ActiveCfg = Release|Any CPU
		{75DF0CB1-D12E-4A0F-8903-4FF52AFD460D}.Release|x64.Build.0 = Release|Any CPU
		{75DF0CB1-D12E-4A0F-8903-4FF52AFD460D}.Release|x86.ActiveCfg = Release|Any CPU
		{75DF0CB1-D12E-4A0F-8903-4FF52AFD460D}.Release|x86.Build.0 = Release|Any CPU
		{6AADD874-435A-45A9-836C-B6945075CE33}.Debug|Any CPU.ActiveCfg = Debug|Any CPU
		{6AADD874-435A-45A9-836C-B6945075CE33}.Debug|Any CPU.Build.0 = Debug|Any CPU
		{6AADD874-435A-45A9-836C-B6945075CE33}.Debug|x64.ActiveCfg = Debug|Any CPU
		{6AADD874-435A-45A9-836C-B6945075CE33}.Debug|x64.Build.0 = Debug|Any CPU
		{6AADD874-435A-45A9-836C-B6945075CE33}.Debug|x86.ActiveCfg = Debug|Any CPU
		{6AADD874-435A-45A9-836C-B6945075CE33}.Debug|x86.Build.0 = Debug|Any CPU
		{6AADD874-435A-45A9-836C-B6945075CE33}.Release|Any CPU.ActiveCfg = Release|Any CPU
		{6AADD874-435A-45A9-836C-B6945075CE33}.Release|Any CPU.Build.0 = Release|Any CPU
		{6AADD874-435A-45A9-836C-B6945075CE33}.Release|x64.ActiveCfg = Release|Any CPU
		{6AADD874-435A-45A9-836C-B6945075CE33}.Release|x64.Build.0 = Release|Any CPU
		{6AADD874-435A-45A9-836C-B6945075CE33}.Release|x86.ActiveCfg = Release|Any CPU
		{6AADD874-435A-45A9-836C-B6945075CE33}.Release|x86.Build.0 = Release|Any CPU
		{A889D3F2-B3B1-4F4A-AD7C-FB97B1F6CEB7}.Debug|Any CPU.ActiveCfg = Debug|Any CPU
		{A889D3F2-B3B1-4F4A-AD7C-FB97B1F6CEB7}.Debug|Any CPU.Build.0 = Debug|Any CPU
		{A889D3F2-B3B1-4F4A-AD7C-FB97B1F6CEB7}.Debug|x64.ActiveCfg = Debug|Any CPU
		{A889D3F2-B3B1-4F4A-AD7C-FB97B1F6CEB7}.Debug|x64.Build.0 = Debug|Any CPU
		{A889D3F2-B3B1-4F4A-AD7C-FB97B1F6CEB7}.Debug|x86.ActiveCfg = Debug|Any CPU
		{A889D3F2-B3B1-4F4A-AD7C-FB97B1F6CEB7}.Debug|x86.Build.0 = Debug|Any CPU
		{A889D3F2-B3B1-4F4A-AD7C-FB97B1F6CEB7}.Release|Any CPU.ActiveCfg = Release|Any CPU
		{A889D3F2-B3B1-4F4A-AD7C-FB97B1F6CEB7}.Release|Any CPU.Build.0 = Release|Any CPU
		{A889D3F2-B3B1-4F4A-AD7C-FB97B1F6CEB7}.Release|x64.ActiveCfg = Release|Any CPU
		{A889D3F2-B3B1-4F4A-AD7C-FB97B1F6CEB7}.Release|x64.Build.0 = Release|Any CPU
		{A889D3F2-B3B1-4F4A-AD7C-FB97B1F6CEB7}.Release|x86.ActiveCfg = Release|Any CPU
		{A889D3F2-B3B1-4F4A-AD7C-FB97B1F6CEB7}.Release|x86.Build.0 = Release|Any CPU
		{CA53A28D-57DF-495D-A3F1-391F28600BEB}.Debug|Any CPU.ActiveCfg = Debug|Any CPU
		{CA53A28D-57DF-495D-A3F1-391F28600BEB}.Debug|Any CPU.Build.0 = Debug|Any CPU
		{CA53A28D-57DF-495D-A3F1-391F28600BEB}.Debug|x64.ActiveCfg = Debug|Any CPU
		{CA53A28D-57DF-495D-A3F1-391F28600BEB}.Debug|x64.Build.0 = Debug|Any CPU
		{CA53A28D-57DF-495D-A3F1-391F28600BEB}.Debug|x86.ActiveCfg = Debug|Any CPU
		{CA53A28D-57DF-495D-A3F1-391F28600BEB}.Debug|x86.Build.0 = Debug|Any CPU
		{CA53A28D-57DF-495D-A3F1-391F28600BEB}.Release|Any CPU.ActiveCfg = Release|Any CPU
		{CA53A28D-57DF-495D-A3F1-391F28600BEB}.Release|Any CPU.Build.0 = Release|Any CPU
		{CA53A28D-57DF-495D-A3F1-391F28600BEB}.Release|x64.ActiveCfg = Release|Any CPU
		{CA53A28D-57DF-495D-A3F1-391F28600BEB}.Release|x64.Build.0 = Release|Any CPU
		{CA53A28D-57DF-495D-A3F1-391F28600BEB}.Release|x86.ActiveCfg = Release|Any CPU
		{CA53A28D-57DF-495D-A3F1-391F28600BEB}.Release|x86.Build.0 = Release|Any CPU
		{41C846EA-1374-4E2E-A8A2-9DAA63CB2E84}.Debug|Any CPU.ActiveCfg = Debug|Any CPU
		{41C846EA-1374-4E2E-A8A2-9DAA63CB2E84}.Debug|Any CPU.Build.0 = Debug|Any CPU
		{41C846EA-1374-4E2E-A8A2-9DAA63CB2E84}.Debug|x64.ActiveCfg = Debug|Any CPU
		{41C846EA-1374-4E2E-A8A2-9DAA63CB2E84}.Debug|x64.Build.0 = Debug|Any CPU
		{41C846EA-1374-4E2E-A8A2-9DAA63CB2E84}.Debug|x86.ActiveCfg = Debug|Any CPU
		{41C846EA-1374-4E2E-A8A2-9DAA63CB2E84}.Debug|x86.Build.0 = Debug|Any CPU
		{41C846EA-1374-4E2E-A8A2-9DAA63CB2E84}.Release|Any CPU.ActiveCfg = Release|Any CPU
		{41C846EA-1374-4E2E-A8A2-9DAA63CB2E84}.Release|Any CPU.Build.0 = Release|Any CPU
		{41C846EA-1374-4E2E-A8A2-9DAA63CB2E84}.Release|x64.ActiveCfg = Release|Any CPU
		{41C846EA-1374-4E2E-A8A2-9DAA63CB2E84}.Release|x64.Build.0 = Release|Any CPU
		{41C846EA-1374-4E2E-A8A2-9DAA63CB2E84}.Release|x86.ActiveCfg = Release|Any CPU
		{41C846EA-1374-4E2E-A8A2-9DAA63CB2E84}.Release|x86.Build.0 = Release|Any CPU
	EndGlobalSection
	GlobalSection(SolutionProperties) = preSolution
		HideSolutionNode = FALSE
	EndGlobalSection
	GlobalSection(NestedProjects) = preSolution
		{52BF7FB6-37FF-5100-EFD1-124EFF302675} = {827E0CD3-B72D-47B6-A68D-7590B98EB39B}
		{096C2512-189D-4D23-982E-1CBC810A2591} = {52BF7FB6-37FF-5100-EFD1-124EFF302675}
		{B66153B7-389E-4F4D-91B3-0EB40EC51561} = {52BF7FB6-37FF-5100-EFD1-124EFF302675}
		{C8E42992-5E42-0C2B-DBFE-AA848D06431C} = {827E0CD3-B72D-47B6-A68D-7590B98EB39B}
		{39AFEDA5-039C-4324-ABE2-76075ED53C5A} = {C8E42992-5E42-0C2B-DBFE-AA848D06431C}
		{984BB9B3-3FA3-BE33-9484-CAC21695A33C} = {827E0CD3-B72D-47B6-A68D-7590B98EB39B}
		{B97F7B48-DAEE-48CE-A4DB-C7CF41185FD3} = {984BB9B3-3FA3-BE33-9484-CAC21695A33C}
		{1DA2C84C-3C4D-4C79-BE4B-E9A191A29FDA} = {B97F7B48-DAEE-48CE-A4DB-C7CF41185FD3}
		{88DC810B-46E2-4B4A-81F6-F17F408034F3} = {B97F7B48-DAEE-48CE-A4DB-C7CF41185FD3}
		{10D90255-085A-4BF6-831C-2BD73A8BCB3A} = {B97F7B48-DAEE-48CE-A4DB-C7CF41185FD3}
		{1F114DA6-6DEA-4833-BD2F-FE11E49581BD} = {B97F7B48-DAEE-48CE-A4DB-C7CF41185FD3}
		{D7E53481-4AEA-ED42-3521-F5804977A833} = {984BB9B3-3FA3-BE33-9484-CAC21695A33C}
		{75DF0CB1-D12E-4A0F-8903-4FF52AFD460D} = {D7E53481-4AEA-ED42-3521-F5804977A833}
		{6AADD874-435A-45A9-836C-B6945075CE33} = {D7E53481-4AEA-ED42-3521-F5804977A833}
		{A889D3F2-B3B1-4F4A-AD7C-FB97B1F6CEB7} = {D7E53481-4AEA-ED42-3521-F5804977A833}
		{CA53A28D-57DF-495D-A3F1-391F28600BEB} = {0AB3BF05-4346-4AA6-1389-037BE0695223}
		{41C846EA-1374-4E2E-A8A2-9DAA63CB2E84} = {0AB3BF05-4346-4AA6-1389-037BE0695223}
	EndGlobalSection
EndGlobal
